{
  "name": "CarterJack-ArlingtonTech.github.io",
  "lockfileVersion": 3,
  "requires": true,
  "packages": {
    "": {
      "dependencies": {
        "hermit": "^0.2.2"
      }
    },
    "node_modules/ansicolors": {
      "version": "0.2.1",
      "resolved": "https://registry.npmjs.org/ansicolors/-/ansicolors-0.2.1.tgz",
      "integrity": "sha512-tOIuy1/SK/dr94ZA0ckDohKXNeBNqZ4us6PjMVLs5h1w2GBB6uPtOknp2+VF4F/zcy9LI70W+Z+pE2Soajky1w==",
      "license": "MIT"
    },
    "node_modules/ansistyles": {
      "version": "0.1.3",
      "resolved": "https://registry.npmjs.org/ansistyles/-/ansistyles-0.1.3.tgz",
      "integrity": "sha512-6QWEyvMgIXX0eO972y7YPBLSBsq7UWKFAoNNTLGaOJ9bstcEL9sCbcjf96dVfNDdUsRoGOK82vWFJlKApXds7g==",
      "license": "MIT"
    },
    "node_modules/cardinal": {
      "version": "0.4.4",
      "resolved": "https://registry.npmjs.org/cardinal/-/cardinal-0.4.4.tgz",
      "integrity": "sha512-3MxV0o9wOpQcobrcSrRpaSxlYkohCcZu0ytOjJUww/Yo/223q4Ecloo7odT+M0SI5kPgb1JhvSaF4EEuVXOLAQ==",
      "license": "MIT",
      "dependencies": {
        "ansicolors": "~0.2.1",
        "redeyed": "~0.4.0"
      },
      "bin": {
        "cdl": "bin/cdl.js"
      }
    },
    "node_modules/esprima": {
      "version": "1.0.4",
      "resolved": "https://registry.npmjs.org/esprima/-/esprima-1.0.4.tgz",
      "integrity": "sha512-rp5dMKN8zEs9dfi9g0X1ClLmV//WRyk/R15mppFNICIFRG5P92VP7Z04p8pk++gABo9W2tY+kHyu6P1mEHgmTA==",
      "bin": {
        "esparse": "bin/esparse.js",
        "esvalidate": "bin/esvalidate.js"
      },
      "engines": {
        "node": ">=0.4.0"
      }
    },
    "node_modules/hermit": {
      "version": "0.2.2",
      "resolved": "https://registry.npmjs.org/hermit/-/hermit-0.2.2.tgz",
      "integrity": "sha512-MYJc50IPqrY85smme0pgm7c4Lg+LWl/PYLwk1rUIF5rvgwCHogq7Wv+ZHerntIwZCb0c/l/NoYBDp6s0/7JfxQ==",
      "license": "MIT",
      "dependencies": {
        "ansicolors": "~0.2.1",
        "ansistyles": "~0.1.1",
        "cardinal": "~0.4.2",
        "sax": "~0.5.4"
      },
      "bin": {
        "hermit": "bin/hermit.js"
      }
    },
    "node_modules/redeyed": {
      "version": "0.4.4",
      "resolved": "https://registry.npmjs.org/redeyed/-/redeyed-0.4.4.tgz",
      "integrity": "sha512-pnk1vsaNLu1UAAClKsImKz9HjBvg9i8cbRqTRzJbiCjGF0fZSMqpdcA5W3juO3c4etFvTrabECkq9wjC45ZyxA==",
      "license": "MIT",
      "dependencies": {
        "esprima": "~1.0.4"
      }
    },
    "node_modules/sax": {
      "version": "0.5.8",
      "resolved": "https://registry.npmjs.org/sax/-/sax-0.5.8.tgz",
      "integrity": "sha512-c0YL9VcSfcdH3F1Qij9qpYJFpKFKMXNOkLWFssBL3RuF7ZS8oZhllR2rWlCRjDTJsfq3R6wbSsaRU6o0rkEdNw==",
      "license": "BSD"
    }
  }
}
